
Microsoft Visual Studio Solution File, Format Version 12.00
# Visual Studio Version 17
VisualStudioVersion = 17.5.33502.453
MinimumVisualStudioVersion = 10.0.40219.1
Project("{FAE04EC0-301F-11D3-BF4B-00C04F79EFBC}") = "Template Method Pattern", "Template Method Pattern\Template Method Pattern.csproj", "{4E96CF20-4794-46F7-B702-13BDF838EEE2}"
EndProject
Global
	GlobalSection(SolutionConfigurationPlatforms) = preSolution
		Debug|Any CPU = Debug|Any CPU
		Release|Any CPU = Release|Any CPU
	EndGlobalSection
	GlobalSection(ProjectConfigurationPlatforms) = postSolution
		{4E96CF20-4794-46F7-B702-13BDF838EEE2}.Debug|Any CPU.ActiveCfg = Debug|Any CPU
		{4E96CF20-4794-46F7-B702-13BDF838EEE2}.Debug|Any CPU.Build.0 = Debug|Any CPU
		{4E96CF20-4794-46F7-B702-13BDF838EEE2}.Release|Any CPU.ActiveCfg = Release|Any CPU
		{4E96CF20-4794-46F7-B702-13BDF838EEE2}.Release|Any CPU.Build.0 = Release|Any CPU
	EndGlobalSection
	GlobalSection(SolutionProperties) = preSolution
		HideSolutionNode = FALSE
	EndGlobalSection
	GlobalSection(ExtensibilityGlobals) = postSolution
		SolutionGuid = {A94E18DB-D4A9-4A1D-AFDC-6AB7F26FB23B}
	EndGlobalSection
EndGlobal
